
Microsoft Visual Studio Solution File, Format Version 12.00
# Visual Studio Version 17
VisualStudioVersion = 17.2.32602.215
MinimumVisualStudioVersion = 10.0.40219.1
Project("{FAE04EC0-301F-11D3-BF4B-00C04F79EFBC}") = "App", "App\App.csproj", "{8D164CCC-D9FD-4E0D-B3E0-D80F351D4451}"
EndProject

Global
	GlobalSection(SolutionConfigurationPlatforms) = preSolution
		Debug|Any CPU = Debug|Any CPU
		Release|Any CPU = Release|Any CPU
	EndGlobalSection
	GlobalSection(ProjectConfigurationPlatforms) = postSolution
		{8D164CCC-D9FD-4E0D-B3E0-D80F351D4451}.Debug|Any CPU.ActiveCfg = Debug|Any CPU
		{8D164CCC-D9FD-4E0D-B3E0-D80F351D4451}.Debug|Any CPU.Build.0 = Debug|Any CPU
		{8D164CCC-D9FD-4E0D-B3E0-D80F351D4451}.Release|Any CPU.ActiveCfg = Release|Any CPU
		{8D164CCC-D9FD-4E0D-B3E0-D80F351D4451}.Release|Any CPU.Build.0 = Release|Any CPU
		{875B5AE6-2F13-42AB-A114-94FC1F630BA0}.Debug|Any CPU.ActiveCfg = Debug|Any CPU
		{875B5AE6-2F13-42AB-A114-94FC1F630BA0}.Debug|Any CPU.Build.0 = Debug|Any CPU
		{875B5AE6-2F13-42AB-A114-94FC1F630BA0}.Release|Any CPU.ActiveCfg = Release|Any CPU
		{875B5AE6-2F13-42AB-A114-94FC1F630BA0}.Release|Any CPU.Build.0 = Release|Any CPU
	EndGlobalSection
	GlobalSection(SolutionProperties) = preSolution
		HideSolutionNode = FALSE
	EndGlobalSection
	GlobalSection(ExtensibilityGlobals) = postSolution
		SolutionGuid = {D70F584B-0541-4721-8EB0-6F6A1FD495F7}
	EndGlobalSection
EndGlobal
